
Microsoft Visual Studio Solution File, Format Version 12.00
# Visual Studio Version 17
VisualStudioVersion = 17.11.35327.3
MinimumVisualStudioVersion = 10.0.40219.1
Project("{FAE04EC0-301F-11D3-BF4B-00C04F79EFBC}") = "EstoqueProdutos", "EstoqueProdutos.csproj", "{A23E4ABB-EDED-45D5-8F8B-A0382A6EA77C}"
EndProject
Global
	GlobalSection(SolutionConfigurationPlatforms) = preSolution
		Debug|Any CPU = Debug|Any CPU
		Release|Any CPU = Release|Any CPU
	EndGlobalSection
	GlobalSection(ProjectConfigurationPlatforms) = postSolution
		{A23E4ABB-EDED-45D5-8F8B-A0382A6EA77C}.Debug|Any CPU.ActiveCfg = Debug|Any CPU
		{A23E4ABB-EDED-45D5-8F8B-A0382A6EA77C}.Debug|Any CPU.Build.0 = Debug|Any CPU
		{A23E4ABB-EDED-45D5-8F8B-A0382A6EA77C}.Release|Any CPU.ActiveCfg = Release|Any CPU
		{A23E4ABB-EDED-45D5-8F8B-A0382A6EA77C}.Release|Any CPU.Build.0 = Release|Any CPU
	EndGlobalSection
	GlobalSection(SolutionProperties) = preSolution
		HideSolutionNode = FALSE
	EndGlobalSection
	GlobalSection(ExtensibilityGlobals) = postSolution
		SolutionGuid = {8EA8CCDE-D8C3-4086-B05D-40E86EF93F98}
	EndGlobalSection
EndGlobal
